uuid: 8f348b84-4647-4554-8585-87e7743cf3b6
langcode: en
status: true
dependencies:
  module:
    - citation_select
    - context
    - node
  theme:
    - olivero
id: citationselectblock
theme: olivero
region: content
weight: -10
provider: null
plugin: citation_select_block
settings:
  id: citation_select_block
  label: 'Cite this object'
  label_display: visible
  provider: citation_select
visibility:
  context_all:
    id: context_all
    negate: null
    values: ''
  context:
    id: context
    negate: null
    values: ''
  user_status:
    id: user_status
    negate: false
    context_mapping:
      user: '@user.current_user_context:current_user'
    user_status:
      viewing_profile: '0'
      logged_viewing_profile: '0'
      own_page_true: '0'
      field_value: '0'
    user_fields: uid
  'entity_bundle:node':
    id: 'entity_bundle:node'
    negate: false
    context_mapping:
      node: '@node.node_route_context:node'
    bundles:
      islandora_object: islandora_object
