uuid: 8276256f-1eaf-4836-ad36-2b699ccc756f
langcode: en
status: true
dependencies:
  module:
    - context
    - islandora_mirador
    - term_condition
  theme:
    - olivero
id: miradorblock
theme: olivero
region: content
weight: -16
provider: null
plugin: mirador_block
settings:
  id: mirador_block
  label: 'Mirador block'
  label_display: visible
  provider: islandora_mirador
  iiif_manifest_url: 'https://islandora.traefik.me/node/[node:nid]/book-manifest'
visibility:
  user_status:
    id: user_status
    negate: false
    context_mapping:
      user: '@user.current_user_context:current_user'
    user_status:
      viewing_profile: '0'
      logged_viewing_profile: '0'
      own_page_true: '0'
      field_value: '0'
    user_fields: uid
  context:
    id: context
    negate: null
    values: ''
  context_all:
    id: context_all
    negate: null
    values: ''
  term:
    id: term
    tid:
      -
        target_id: '15'
    negate: false
    context_mapping: {  }
